
Microsoft Visual Studio Solution File, Format Version 12.00
#
Project("{FAE04EC0-301F-11D3-BF4B-00C04F79EFBC}") = "TPick.RHub.Hub", "TPick.RHub.Hub\TPick.RHub.Hub.csproj", "{C3C780F6-6F19-4BDD-B3CB-14310ED41761}"
EndProject
Project("{FAE04EC0-301F-11D3-BF4B-00C04F79EFBC}") = "TPick.RHub.Infrastructure", "TPick.RHub.Infrastructure\TPick.RHub.Infrastructure.csproj", "{8B5EA1BD-365F-42C0-B1F8-D1BEA81038A2}"
EndProject
Project("{2150E333-8FDC-42A3-9474-1A3956D46DE8}") = "CsMicro", "CsMicro", "{20158CDE-7BB3-4ED0-B533-7BA57862868F}"
EndProject
Project("{2150E333-8FDC-42A3-9474-1A3956D46DE8}") = "src", "src", "{1C6223FE-C0EC-4C99-A046-C7FE1C263A66}"
EndProject
Project("{FAE04EC0-301F-11D3-BF4B-00C04F79EFBC}") = "CsMicro", "CsMicro\src\CsMicro\CsMicro.csproj", "{A37ED3B0-3A1C-4856-BB52-3DE65E272835}"
EndProject
Project("{FAE04EC0-301F-11D3-BF4B-00C04F79EFBC}") = "CsMicro.Core", "CsMicro\src\CsMicro.Core\CsMicro.Core.csproj", "{98801E53-F4CD-46EC-B282-192B17445669}"
EndProject
Project("{FAE04EC0-301F-11D3-BF4B-00C04F79EFBC}") = "CsMicro.Cqrs", "CsMicro\src\CsMicro.Cqrs\CsMicro.Cqrs.csproj", "{EE71B171-4E24-4D9B-8637-DE8FC525D52C}"
EndProject
Project("{2150E333-8FDC-42A3-9474-1A3956D46DE8}") = "CsMicro.Event", "CsMicro.Event", "{8DBC5E6C-F48E-40DA-926D-5B9156464958}"
EndProject
Project("{FAE04EC0-301F-11D3-BF4B-00C04F79EFBC}") = "CsMicro.IntegrationEvent", "CsMicro\src\CsMicro.Event\CsMicro.IntegrationEvent\CsMicro.IntegrationEvent.csproj", "{0227D690-DF99-4E48-B043-5A6AF91CE9D4}"
EndProject
Project("{FAE04EC0-301F-11D3-BF4B-00C04F79EFBC}") = "CsMicro.IntegrationEvent.Plugins", "CsMicro\src\CsMicro.Event\CsMicro.IntegrationEvent.Plugins\CsMicro.IntegrationEvent.Plugins.csproj", "{88338E1A-9CA5-418B-B14E-52648C2DABF2}"
EndProject
Project("{2150E333-8FDC-42A3-9474-1A3956D46DE8}") = "CsMicro.Messaging", "CsMicro.Messaging", "{9057130B-7441-4B50-B1A3-248E9B4AF61B}"
EndProject
Project("{FAE04EC0-301F-11D3-BF4B-00C04F79EFBC}") = "CsMicro.Messaging", "CsMicro\src\CsMicro.Messaging\CsMicro.Messaging\CsMicro.Messaging.csproj", "{453C7739-F979-482D-9536-22BB93AAC512}"
EndProject
Project("{FAE04EC0-301F-11D3-BF4B-00C04F79EFBC}") = "CsMicro.Messaging.Kafka", "CsMicro\src\CsMicro.Messaging\CsMicro.Messaging.Kafka\CsMicro.Messaging.Kafka.csproj", "{5438390E-326A-4BB1-A1B0-BA54F7E754AA}"
EndProject
Project("{FAE04EC0-301F-11D3-BF4B-00C04F79EFBC}") = "CsMicro.Messaging.Redis", "CsMicro\src\CsMicro.Messaging\CsMicro.Messaging.Redis\CsMicro.Messaging.Redis.csproj", "{8906764F-F816-4513-91AF-1C6B6768F1C6}"
EndProject
Project("{2150E333-8FDC-42A3-9474-1A3956D46DE8}") = "CsMicro.Persistence", "CsMicro.Persistence", "{DB9914B1-33D8-4DB2-8BFF-FFC92C373B04}"
EndProject
Project("{FAE04EC0-301F-11D3-BF4B-00C04F79EFBC}") = "CsMicro.Persistence", "CsMicro\src\CsMicro.Persistence\CsMicro.Persistence\CsMicro.Persistence.csproj", "{007C374C-29FB-43B1-B9B5-81197D4588D1}"
EndProject
Project("{FAE04EC0-301F-11D3-BF4B-00C04F79EFBC}") = "CsMicro.Persistence.EfCore", "CsMicro\src\CsMicro.Persistence\CsMicro.Persistence.EfCore\CsMicro.Persistence.EfCore.csproj", "{BEA35B6E-DD84-455B-8307-E001E27D66E6}"
EndProject
Project("{FAE04EC0-301F-11D3-BF4B-00C04F79EFBC}") = "CsMicro.WebApi", "CsMicro\src\CsMicro.WebApi\CsMicro.WebApi.csproj", "{0F7C7E14-454E-4042-BB06-C27B71CD6137}"
EndProject
Global
	GlobalSection(SolutionConfigurationPlatforms) = preSolution
		Debug|Any CPU = Debug|Any CPU
		Release|Any CPU = Release|Any CPU
	EndGlobalSection
	GlobalSection(ProjectConfigurationPlatforms) = postSolution
		{C3C780F6-6F19-4BDD-B3CB-14310ED41761}.Debug|Any CPU.ActiveCfg = Debug|Any CPU
		{C3C780F6-6F19-4BDD-B3CB-14310ED41761}.Debug|Any CPU.Build.0 = Debug|Any CPU
		{C3C780F6-6F19-4BDD-B3CB-14310ED41761}.Release|Any CPU.ActiveCfg = Release|Any CPU
		{C3C780F6-6F19-4BDD-B3CB-14310ED41761}.Release|Any CPU.Build.0 = Release|Any CPU
		{8B5EA1BD-365F-42C0-B1F8-D1BEA81038A2}.Debug|Any CPU.ActiveCfg = Debug|Any CPU
		{8B5EA1BD-365F-42C0-B1F8-D1BEA81038A2}.Debug|Any CPU.Build.0 = Debug|Any CPU
		{8B5EA1BD-365F-42C0-B1F8-D1BEA81038A2}.Release|Any CPU.ActiveCfg = Release|Any CPU
		{8B5EA1BD-365F-42C0-B1F8-D1BEA81038A2}.Release|Any CPU.Build.0 = Release|Any CPU
		{A37ED3B0-3A1C-4856-BB52-3DE65E272835}.Debug|Any CPU.ActiveCfg = Debug|Any CPU
		{A37ED3B0-3A1C-4856-BB52-3DE65E272835}.Debug|Any CPU.Build.0 = Debug|Any CPU
		{A37ED3B0-3A1C-4856-BB52-3DE65E272835}.Release|Any CPU.ActiveCfg = Release|Any CPU
		{A37ED3B0-3A1C-4856-BB52-3DE65E272835}.Release|Any CPU.Build.0 = Release|Any CPU
		{98801E53-F4CD-46EC-B282-192B17445669}.Debug|Any CPU.ActiveCfg = Debug|Any CPU
		{98801E53-F4CD-46EC-B282-192B17445669}.Debug|Any CPU.Build.0 = Debug|Any CPU
		{98801E53-F4CD-46EC-B282-192B17445669}.Release|Any CPU.ActiveCfg = Release|Any CPU
		{98801E53-F4CD-46EC-B282-192B17445669}.Release|Any CPU.Build.0 = Release|Any CPU
		{EE71B171-4E24-4D9B-8637-DE8FC525D52C}.Debug|Any CPU.ActiveCfg = Debug|Any CPU
		{EE71B171-4E24-4D9B-8637-DE8FC525D52C}.Debug|Any CPU.Build.0 = Debug|Any CPU
		{EE71B171-4E24-4D9B-8637-DE8FC525D52C}.Release|Any CPU.ActiveCfg = Release|Any CPU
		{EE71B171-4E24-4D9B-8637-DE8FC525D52C}.Release|Any CPU.Build.0 = Release|Any CPU
		{0227D690-DF99-4E48-B043-5A6AF91CE9D4}.Debug|Any CPU.ActiveCfg = Debug|Any CPU
		{0227D690-DF99-4E48-B043-5A6AF91CE9D4}.Debug|Any CPU.Build.0 = Debug|Any CPU
		{0227D690-DF99-4E48-B043-5A6AF91CE9D4}.Release|Any CPU.ActiveCfg = Release|Any CPU
		{0227D690-DF99-4E48-B043-5A6AF91CE9D4}.Release|Any CPU.Build.0 = Release|Any CPU
		{88338E1A-9CA5-418B-B14E-52648C2DABF2}.Debug|Any CPU.ActiveCfg = Debug|Any CPU
		{88338E1A-9CA5-418B-B14E-52648C2DABF2}.Debug|Any CPU.Build.0 = Debug|Any CPU
		{88338E1A-9CA5-418B-B14E-52648C2DABF2}.Release|Any CPU.ActiveCfg = Release|Any CPU
		{88338E1A-9CA5-418B-B14E-52648C2DABF2}.Release|Any CPU.Build.0 = Release|Any CPU
		{453C7739-F979-482D-9536-22BB93AAC512}.Debug|Any CPU.ActiveCfg = Debug|Any CPU
		{453C7739-F979-482D-9536-22BB93AAC512}.Debug|Any CPU.Build.0 = Debug|Any CPU
		{453C7739-F979-482D-9536-22BB93AAC512}.Release|Any CPU.ActiveCfg = Release|Any CPU
		{453C7739-F979-482D-9536-22BB93AAC512}.Release|Any CPU.Build.0 = Release|Any CPU
		{5438390E-326A-4BB1-A1B0-BA54F7E754AA}.Debug|Any CPU.ActiveCfg = Debug|Any CPU
		{5438390E-326A-4BB1-A1B0-BA54F7E754AA}.Debug|Any CPU.Build.0 = Debug|Any CPU
		{5438390E-326A-4BB1-A1B0-BA54F7E754AA}.Release|Any CPU.ActiveCfg = Release|Any CPU
		{5438390E-326A-4BB1-A1B0-BA54F7E754AA}.Release|Any CPU.Build.0 = Release|Any CPU
		{8906764F-F816-4513-91AF-1C6B6768F1C6}.Debug|Any CPU.ActiveCfg = Debug|Any CPU
		{8906764F-F816-4513-91AF-1C6B6768F1C6}.Debug|Any CPU.Build.0 = Debug|Any CPU
		{8906764F-F816-4513-91AF-1C6B6768F1C6}.Release|Any CPU.ActiveCfg = Release|Any CPU
		{8906764F-F816-4513-91AF-1C6B6768F1C6}.Release|Any CPU.Build.0 = Release|Any CPU
		{007C374C-29FB-43B1-B9B5-81197D4588D1}.Debug|Any CPU.ActiveCfg = Debug|Any CPU
		{007C374C-29FB-43B1-B9B5-81197D4588D1}.Debug|Any CPU.Build.0 = Debug|Any CPU
		{007C374C-29FB-43B1-B9B5-81197D4588D1}.Release|Any CPU.ActiveCfg = Release|Any CPU
		{007C374C-29FB-43B1-B9B5-81197D4588D1}.Release|Any CPU.Build.0 = Release|Any CPU
		{BEA35B6E-DD84-455B-8307-E001E27D66E6}.Debug|Any CPU.ActiveCfg = Debug|Any CPU
		{BEA35B6E-DD84-455B-8307-E001E27D66E6}.Debug|Any CPU.Build.0 = Debug|Any CPU
		{BEA35B6E-DD84-455B-8307-E001E27D66E6}.Release|Any CPU.ActiveCfg = Release|Any CPU
		{BEA35B6E-DD84-455B-8307-E001E27D66E6}.Release|Any CPU.Build.0 = Release|Any CPU
		{0F7C7E14-454E-4042-BB06-C27B71CD6137}.Debug|Any CPU.ActiveCfg = Debug|Any CPU
		{0F7C7E14-454E-4042-BB06-C27B71CD6137}.Debug|Any CPU.Build.0 = Debug|Any CPU
		{0F7C7E14-454E-4042-BB06-C27B71CD6137}.Release|Any CPU.ActiveCfg = Release|Any CPU
		{0F7C7E14-454E-4042-BB06-C27B71CD6137}.Release|Any CPU.Build.0 = Release|Any CPU
	EndGlobalSection
	GlobalSection(NestedProjects) = preSolution
		{1C6223FE-C0EC-4C99-A046-C7FE1C263A66} = {20158CDE-7BB3-4ED0-B533-7BA57862868F}
		{A37ED3B0-3A1C-4856-BB52-3DE65E272835} = {1C6223FE-C0EC-4C99-A046-C7FE1C263A66}
		{98801E53-F4CD-46EC-B282-192B17445669} = {1C6223FE-C0EC-4C99-A046-C7FE1C263A66}
		{EE71B171-4E24-4D9B-8637-DE8FC525D52C} = {1C6223FE-C0EC-4C99-A046-C7FE1C263A66}
		{8DBC5E6C-F48E-40DA-926D-5B9156464958} = {1C6223FE-C0EC-4C99-A046-C7FE1C263A66}
		{0227D690-DF99-4E48-B043-5A6AF91CE9D4} = {8DBC5E6C-F48E-40DA-926D-5B9156464958}
		{88338E1A-9CA5-418B-B14E-52648C2DABF2} = {8DBC5E6C-F48E-40DA-926D-5B9156464958}
		{9057130B-7441-4B50-B1A3-248E9B4AF61B} = {1C6223FE-C0EC-4C99-A046-C7FE1C263A66}
		{453C7739-F979-482D-9536-22BB93AAC512} = {9057130B-7441-4B50-B1A3-248E9B4AF61B}
		{5438390E-326A-4BB1-A1B0-BA54F7E754AA} = {9057130B-7441-4B50-B1A3-248E9B4AF61B}
		{8906764F-F816-4513-91AF-1C6B6768F1C6} = {9057130B-7441-4B50-B1A3-248E9B4AF61B}
		{DB9914B1-33D8-4DB2-8BFF-FFC92C373B04} = {1C6223FE-C0EC-4C99-A046-C7FE1C263A66}
		{007C374C-29FB-43B1-B9B5-81197D4588D1} = {DB9914B1-33D8-4DB2-8BFF-FFC92C373B04}
		{BEA35B6E-DD84-455B-8307-E001E27D66E6} = {DB9914B1-33D8-4DB2-8BFF-FFC92C373B04}
		{0F7C7E14-454E-4042-BB06-C27B71CD6137} = {1C6223FE-C0EC-4C99-A046-C7FE1C263A66}
	EndGlobalSection
EndGlobal
